{
  "name": "pencl-router",
  "version": "1.0.0",
  "lockfileVersion": 1,
  "requires": true,
  "dependencies": {
    "@types/node": {
      "version": "14.14.31",
      "resolved": "https://registry.npmjs.org/@types/node/-/node-14.14.31.tgz",
      "integrity": "sha512-vFHy/ezP5qI0rFgJ7aQnjDXwAMrG0KqqIH7tQG5PPv3BWBayOPIQNBjVc/P6hhdZfMx51REc6tfDNXHUio893g=="
    },
    "formidable": {
      "version": "1.2.2",
      "resolved": "https://registry.npmjs.org/formidable/-/formidable-1.2.2.tgz",
      "integrity": "sha512-V8gLm+41I/8kguQ4/o1D3RIHRmhYFG4pnNyonvua+40rqcEmT4+V71yaZ3B457xbbgCsCfjSPi65u/W6vK1U5Q=="
    },
    "pencl-core": {
      "version": "git+https://github.com/TerraZero/pencl-core.git#e937a5b1a1e2b3d6a07ee2eb8035bbce6a9b7983",
      "from": "git+https://github.com/TerraZero/pencl-core.git",
      "requires": {
        "@types/node": "^15.12.4",
        "pencl-kit": "git+https://github.com/TerraZero/pencl-kit.git"
      },
      "dependencies": {
        "@types/node": {
          "version": "15.14.1",
          "resolved": "https://registry.npmjs.org/@types/node/-/node-15.14.1.tgz",
          "integrity": "sha512-wF6hazbsnwaW3GhK4jFuw5NaLDQVRQ6pWQUGAUrJzxixFkTaODSiAKMPXuHwPEPkAKQWHAzj6uJ5h+3zU9gQxg=="
        }
      }
    },
    "pencl-kit": {
      "version": "git+https://github.com/TerraZero/pencl-kit.git#0c1f6c4357285b940e24c4e500863299955387c4",
      "from": "git+https://github.com/TerraZero/pencl-kit.git"
    },
    "route-parser": {
      "version": "0.0.5",
      "resolved": "https://registry.npmjs.org/route-parser/-/route-parser-0.0.5.tgz",
      "integrity": "sha1-fR0J0zXkkJQDHqFpkaSnmwG74fQ="
    }
  }
}
