{
  "name": "pencl-router",
  "version": "1.0.0",
  "lockfileVersion": 1,
  "requires": true,
  "dependencies": {
    "@types/node": {
      "version": "14.14.31",
      "resolved": "https://registry.npmjs.org/@types/node/-/node-14.14.31.tgz",
      "integrity": "sha512-vFHy/ezP5qI0rFgJ7aQnjDXwAMrG0KqqIH7tQG5PPv3BWBayOPIQNBjVc/P6hhdZfMx51REc6tfDNXHUio893g=="
    },
    "pencl-base": {
      "version": "git+https://github.com/TerraZero/pencl-base.git#cf48a9076c4793e2188dcc4e6bd01a56db0ac6b2",
      "from": "git+https://github.com/TerraZero/pencl-base.git"
    },
    "pencl-config": {
      "version": "git+https://github.com/TerraZero/pencl-config.git#342c44bc8f7783642d659d38d8c3127eb90e8773",
      "from": "git+https://github.com/TerraZero/pencl-config.git",
      "requires": {
        "pencl-base": "git+https://github.com/TerraZero/pencl-base.git"
      }
    },
    "route-parser": {
      "version": "0.0.5",
      "resolved": "https://registry.npmjs.org/route-parser/-/route-parser-0.0.5.tgz",
      "integrity": "sha1-fR0J0zXkkJQDHqFpkaSnmwG74fQ="
    }
  }
}
